github.com/google/uuid v1.2.0 h1:qJYtXnJRWmpe7m/3XlyhrsLrEURqHRM2kxzoxXqyUDs=
github.com/google/uuid v1.2.0/go.mod h1:TIyPZe4MgqvfeYDBFedMoGGpEw/LqOeaOT+nhxU+yHo=
go-micro.dev/v4 v4.9.0 h1:pd1CpqMT9hA47jSmX8mfdGK865PkMh95Rwj5RdfqPqE=
go-micro.dev/v4 v4.9.0/go.mod h1:Ju8HrZ5hQSF+QguZ2QUs9Kbe42MHP1tJa/fpP5g07Cs=
